// !$*UTF8*$!
{
	archiveVersion = 1;
	classes = {
	};
	objectVersion = 77;
	objects = {

/* Begin PBXBuildFile section */
		790749E22DEE45A50010D818 /* CodeScanner in Frameworks */ = {isa = PBXBuildFile; productRef = 790749E12DEE45A50010D818 /* CodeScanner */; };
		790749EC2DEE598E0010D818 /* GlowGetter in Frameworks */ = {isa = PBXBuildFile; productRef = 790749EB2DEE598E0010D818 /* GlowGetter */; };
		791994C72DE374CF00B2080C /* Localizable.xcstrings in Resources */ = {isa = PBXBuildFile; fileRef = 791994C62DE374CF00B2080C /* Localizable.xcstrings */; };
		791F49B12DC58AB4006B5565 /* SymbolPicker in Frameworks */ = {isa = PBXBuildFile; productRef = 791F49B02DC58AB4006B5565 /* SymbolPicker */; };
		796432242DEED1A1004498A7 /* SwiftUIMessage in Frameworks */ = {isa = PBXBuildFile; productRef = 796432232DEED1A1004498A7 /* SwiftUIMessage */; };
		796BC9052DEBC6B800D0FC4A /* MessagePacker in Frameworks */ = {isa = PBXBuildFile; productRef = 796BC9042DEBC6B800D0FC4A /* MessagePacker */; };
		79A2CC3A2E0EDCF80071DD44 /* LuxCom in Frameworks */ = {isa = PBXBuildFile; productRef = 79A2CC392E0EDCF80071DD44 /* LuxCom */; };
		79ABCC9C2E11AACC00A85D71 /* WidgetKit.framework in Frameworks */ = {isa = PBXBuildFile; fileRef = 79ABCC9B2E11AACC00A85D71 /* WidgetKit.framework */; };
		79ABCC9E2E11AACC00A85D71 /* SwiftUI.framework in Frameworks */ = {isa = PBXBuildFile; fileRef = 79ABCC9D2E11AACC00A85D71 /* SwiftUI.framework */; };
		79ABCCA92E11AACD00A85D71 /* StopWidgetExtension.appex in Embed Foundation Extensions */ = {isa = PBXBuildFile; fileRef = 79ABCC992E11AACC00A85D71 /* StopWidgetExtension.appex */; settings = {ATTRIBUTES = (RemoveHeadersOnCopy, ); }; };
		79ABCCB52E11ABB400A85D71 /* LuxCom in Frameworks */ = {isa = PBXBuildFile; productRef = 79ABCCB42E11ABB400A85D71 /* LuxCom */; };
		79C64D402DB930DC00C01B89 /* Polyline in Frameworks */ = {isa = PBXBuildFile; productRef = 79C64D3F2DB930DC00C01B89 /* Polyline */; };
		79E806F62E10CA8E004CA0A0 /* LuxCom in Frameworks */ = {isa = PBXBuildFile; productRef = 79E806F52E10CA8E004CA0A0 /* LuxCom */; };
		79E806F92E10CAAB004CA0A0 /* LuxCom in Frameworks */ = {isa = PBXBuildFile; productRef = 79E806F82E10CAAB004CA0A0 /* LuxCom */; };
		79E806FC2E10CAFF004CA0A0 /* LuxCom in Frameworks */ = {isa = PBXBuildFile; productRef = 79E806FB2E10CAFF004CA0A0 /* LuxCom */; };
/* End PBXBuildFile section */

/* Begin PBXContainerItemProxy section */
		79ABCCA72E11AACD00A85D71 /* PBXContainerItemProxy */ = {
			isa = PBXContainerItemProxy;
			containerPortal = 799D2A5F2D98ABF80066E9F5 /* Project object */;
			proxyType = 1;
			remoteGlobalIDString = 79ABCC982E11AACC00A85D71;
			remoteInfo = StopWidgetExtension;
		};
/* End PBXContainerItemProxy section */

/* Begin PBXCopyFilesBuildPhase section */
		79ABCCAE2E11AACD00A85D71 /* Embed Foundation Extensions */ = {
			isa = PBXCopyFilesBuildPhase;
			buildActionMask = 2147483647;
			dstPath = "";
			dstSubfolderSpec = 13;
			files = (
				79ABCCA92E11AACD00A85D71 /* StopWidgetExtension.appex in Embed Foundation Extensions */,
			);
			name = "Embed Foundation Extensions";
			runOnlyForDeploymentPostprocessing = 0;
		};
/* End PBXCopyFilesBuildPhase section */

/* Begin PBXFileReference section */
		791994C62DE374CF00B2080C /* Localizable.xcstrings */ = {isa = PBXFileReference; lastKnownFileType = text.json.xcstrings; path = Localizable.xcstrings; sourceTree = "<group>"; };
		799D2A672D98ABF80066E9F5 /* Lux.app */ = {isa = PBXFileReference; explicitFileType = wrapper.application; includeInIndex = 0; path = Lux.app; sourceTree = BUILT_PRODUCTS_DIR; };
		79A912452DB341660032AB9D /* GPSTests.gpx */ = {isa = PBXFileReference; lastKnownFileType = text.xml; path = GPSTests.gpx; sourceTree = "<group>"; };
		79ABCC992E11AACC00A85D71 /* StopWidgetExtension.appex */ = {isa = PBXFileReference; explicitFileType = "wrapper.app-extension"; includeInIndex = 0; path = StopWidgetExtension.appex; sourceTree = BUILT_PRODUCTS_DIR; };
		79ABCC9B2E11AACC00A85D71 /* WidgetKit.framework */ = {isa = PBXFileReference; lastKnownFileType = wrapper.framework; name = WidgetKit.framework; path = System/Library/Frameworks/WidgetKit.framework; sourceTree = SDKROOT; };
		79ABCC9D2E11AACC00A85D71 /* SwiftUI.framework */ = {isa = PBXFileReference; lastKnownFileType = wrapper.framework; name = SwiftUI.framework; path = System/Library/Frameworks/SwiftUI.framework; sourceTree = SDKROOT; };
		79ABCCAF2E11AAD300A85D71 /* StopWidgetExtension.entitlements */ = {isa = PBXFileReference; lastKnownFileType = text.plist.entitlements; path = StopWidgetExtension.entitlements; sourceTree = "<group>"; };
/* End PBXFileReference section */

/* Begin PBXFileSystemSynchronizedBuildFileExceptionSet section */
		79A4C21F2DB2853A000FF271 /* Exceptions for "Lux" folder in "Lux" target */ = {
			isa = PBXFileSystemSynchronizedBuildFileExceptionSet;
			membershipExceptions = (
				Info.plist,
			);
			target = 799D2A662D98ABF80066E9F5 /* Lux */;
		};
		79ABCCAD2E11AACD00A85D71 /* Exceptions for "StopWidget" folder in "StopWidgetExtension" target */ = {
			isa = PBXFileSystemSynchronizedBuildFileExceptionSet;
			membershipExceptions = (
				Info.plist,
			);
			target = 79ABCC982E11AACC00A85D71 /* StopWidgetExtension */;
		};
		79ABCCC22E11B0E600A85D71 /* Exceptions for "Lux" folder in "StopWidgetExtension" target */ = {
			isa = PBXFileSystemSynchronizedBuildFileExceptionSet;
			membershipExceptions = (
				Classes/BlinkManager.swift,
				Models/LineScore.swift,
				"Views/Elements/Font/tpg-font.otf",
				Views/Tabs/Home/Nearby/Arrival/ArrivalMinuteView.swift,
			);
			target = 79ABCC982E11AACC00A85D71 /* StopWidgetExtension */;
		};
/* End PBXFileSystemSynchronizedBuildFileExceptionSet section */

/* Begin PBXFileSystemSynchronizedRootGroup section */
		799D2A692D98ABF80066E9F5 /* Lux */ = {
			isa = PBXFileSystemSynchronizedRootGroup;
			exceptions = (
				79A4C21F2DB2853A000FF271 /* Exceptions for "Lux" folder in "Lux" target */,
				79ABCCC22E11B0E600A85D71 /* Exceptions for "Lux" folder in "StopWidgetExtension" target */,
			);
			path = Lux;
			sourceTree = "<group>";
		};
		79ABCC9F2E11AACC00A85D71 /* StopWidget */ = {
			isa = PBXFileSystemSynchronizedRootGroup;
			exceptions = (
				79ABCCAD2E11AACD00A85D71 /* Exceptions for "StopWidget" folder in "StopWidgetExtension" target */,
			);
			path = StopWidget;
			sourceTree = "<group>";
		};
/* End PBXFileSystemSynchronizedRootGroup section */

/* Begin PBXFrameworksBuildPhase section */
		799D2A642D98ABF80066E9F5 /* Frameworks */ = {
			isa = PBXFrameworksBuildPhase;
			buildActionMask = 2147483647;
			files = (
				79E806FC2E10CAFF004CA0A0 /* LuxCom in Frameworks */,
				79E806F92E10CAAB004CA0A0 /* LuxCom in Frameworks */,
				790749EC2DEE598E0010D818 /* GlowGetter in Frameworks */,
				796432242DEED1A1004498A7 /* SwiftUIMessage in Frameworks */,
				79A2CC3A2E0EDCF80071DD44 /* LuxCom in Frameworks */,
				796BC9052DEBC6B800D0FC4A /* MessagePacker in Frameworks */,
				79C64D402DB930DC00C01B89 /* Polyline in Frameworks */,
				791F49B12DC58AB4006B5565 /* SymbolPicker in Frameworks */,
				790749E22DEE45A50010D818 /* CodeScanner in Frameworks */,
				79E806F62E10CA8E004CA0A0 /* LuxCom in Frameworks */,
			);
			runOnlyForDeploymentPostprocessing = 0;
		};
		79ABCC962E11AACC00A85D71 /* Frameworks */ = {
			isa = PBXFrameworksBuildPhase;
			buildActionMask = 2147483647;
			files = (
				79ABCC9E2E11AACC00A85D71 /* SwiftUI.framework in Frameworks */,
				79ABCC9C2E11AACC00A85D71 /* WidgetKit.framework in Frameworks */,
				79ABCCB52E11ABB400A85D71 /* LuxCom in Frameworks */,
			);
			runOnlyForDeploymentPostprocessing = 0;
		};
/* End PBXFrameworksBuildPhase section */

/* Begin PBXGroup section */
		799D2A5E2D98ABF80066E9F5 = {
			isa = PBXGroup;
			children = (
				79ABCCAF2E11AAD300A85D71 /* StopWidgetExtension.entitlements */,
				791994C62DE374CF00B2080C /* Localizable.xcstrings */,
				79A912452DB341660032AB9D /* GPSTests.gpx */,
				799D2A692D98ABF80066E9F5 /* Lux */,
				79ABCC9F2E11AACC00A85D71 /* StopWidget */,
				79ABCC9A2E11AACC00A85D71 /* Frameworks */,
				799D2A682D98ABF80066E9F5 /* Products */,
			);
			sourceTree = "<group>";
		};
		799D2A682D98ABF80066E9F5 /* Products */ = {
			isa = PBXGroup;
			children = (
				799D2A672D98ABF80066E9F5 /* Lux.app */,
				79ABCC992E11AACC00A85D71 /* StopWidgetExtension.appex */,
			);
			name = Products;
			sourceTree = "<group>";
		};
		79ABCC9A2E11AACC00A85D71 /* Frameworks */ = {
			isa = PBXGroup;
			children = (
				79ABCC9B2E11AACC00A85D71 /* WidgetKit.framework */,
				79ABCC9D2E11AACC00A85D71 /* SwiftUI.framework */,
			);
			name = Frameworks;
			sourceTree = "<group>";
		};
/* End PBXGroup section */

/* Begin PBXNativeTarget section */
		799D2A662D98ABF80066E9F5 /* Lux */ = {
			isa = PBXNativeTarget;
			buildConfigurationList = 799D2A722D98ABF90066E9F5 /* Build configuration list for PBXNativeTarget "Lux" */;
			buildPhases = (
				799D2A632D98ABF80066E9F5 /* Sources */,
				799D2A642D98ABF80066E9F5 /* Frameworks */,
				799D2A652D98ABF80066E9F5 /* Resources */,
				79ABCCAE2E11AACD00A85D71 /* Embed Foundation Extensions */,
			);
			buildRules = (
			);
			dependencies = (
				79ABCCA82E11AACD00A85D71 /* PBXTargetDependency */,
			);
			fileSystemSynchronizedGroups = (
				799D2A692D98ABF80066E9F5 /* Lux */,
			);
			name = Lux;
			packageProductDependencies = (
				79C64D3F2DB930DC00C01B89 /* Polyline */,
				791F49B02DC58AB4006B5565 /* SymbolPicker */,
				796BC9042DEBC6B800D0FC4A /* MessagePacker */,
				790749E12DEE45A50010D818 /* CodeScanner */,
				790749EB2DEE598E0010D818 /* GlowGetter */,
				796432232DEED1A1004498A7 /* SwiftUIMessage */,
				79A2CC392E0EDCF80071DD44 /* LuxCom */,
				79E806F52E10CA8E004CA0A0 /* LuxCom */,
				79E806F82E10CAAB004CA0A0 /* LuxCom */,
				79E806FB2E10CAFF004CA0A0 /* LuxCom */,
			);
			productName = Lux;
			productReference = 799D2A672D98ABF80066E9F5 /* Lux.app */;
			productType = "com.apple.product-type.application";
		};
		79ABCC982E11AACC00A85D71 /* StopWidgetExtension */ = {
			isa = PBXNativeTarget;
			buildConfigurationList = 79ABCCAA2E11AACD00A85D71 /* Build configuration list for PBXNativeTarget "StopWidgetExtension" */;
			buildPhases = (
				79ABCC952E11AACC00A85D71 /* Sources */,
				79ABCC962E11AACC00A85D71 /* Frameworks */,
				79ABCC972E11AACC00A85D71 /* Resources */,
			);
			buildRules = (
			);
			dependencies = (
			);
			fileSystemSynchronizedGroups = (
				79ABCC9F2E11AACC00A85D71 /* StopWidget */,
			);
			name = StopWidgetExtension;
			packageProductDependencies = (
				79ABCCB42E11ABB400A85D71 /* LuxCom */,
			);
			productName = StopWidgetExtension;
			productReference = 79ABCC992E11AACC00A85D71 /* StopWidgetExtension.appex */;
			productType = "com.apple.product-type.app-extension";
		};
/* End PBXNativeTarget section */

/* Begin PBXProject section */
		799D2A5F2D98ABF80066E9F5 /* Project object */ = {
			isa = PBXProject;
			attributes = {
				BuildIndependentTargetsInParallel = 1;
				LastSwiftUpdateCheck = 1640;
				LastUpgradeCheck = 1630;
				TargetAttributes = {
					799D2A662D98ABF80066E9F5 = {
						CreatedOnToolsVersion = 16.3;
					};
					79ABCC982E11AACC00A85D71 = {
						CreatedOnToolsVersion = 16.4;
					};
				};
			};
			buildConfigurationList = 799D2A622D98ABF80066E9F5 /* Build configuration list for PBXProject "Lux" */;
			developmentRegion = fr;
			hasScannedForEncodings = 0;
			knownRegions = (
				Base,
				fr,
				en,
			);
			mainGroup = 799D2A5E2D98ABF80066E9F5;
			minimizedProjectReferenceProxies = 1;
			packageReferences = (
				79C64D3E2DB930DC00C01B89 /* XCRemoteSwiftPackageReference "Polyline" */,
				791F49AF2DC58AB4006B5565 /* XCRemoteSwiftPackageReference "SymbolPicker" */,
				796BC9032DEBC6B800D0FC4A /* XCRemoteSwiftPackageReference "MessagePacker" */,
				790749E02DEE45A50010D818 /* XCRemoteSwiftPackageReference "CodeScanner" */,
				790749EA2DEE598E0010D818 /* XCRemoteSwiftPackageReference "GlowGetter" */,
				796432222DEED1A1004498A7 /* XCRemoteSwiftPackageReference "SwiftUIMessage" */,
				79E806FA2E10CAFF004CA0A0 /* XCRemoteSwiftPackageReference "LuxCom" */,
			);
			preferredProjectObjectVersion = 77;
			productRefGroup = 799D2A682D98ABF80066E9F5 /* Products */;
			projectDirPath = "";
			projectRoot = "";
			targets = (
				799D2A662D98ABF80066E9F5 /* Lux */,
				79ABCC982E11AACC00A85D71 /* StopWidgetExtension */,
			);
		};
/* End PBXProject section */

/* Begin PBXResourcesBuildPhase section */
		799D2A652D98ABF80066E9F5 /* Resources */ = {
			isa = PBXResourcesBuildPhase;
			buildActionMask = 2147483647;
			files = (
				791994C72DE374CF00B2080C /* Localizable.xcstrings in Resources */,
			);
			runOnlyForDeploymentPostprocessing = 0;
		};
		79ABCC972E11AACC00A85D71 /* Resources */ = {
			isa = PBXResourcesBuildPhase;
			buildActionMask = 2147483647;
			files = (
			);
			runOnlyForDeploymentPostprocessing = 0;
		};
/* End PBXResourcesBuildPhase section */

/* Begin PBXSourcesBuildPhase section */
		799D2A632D98ABF80066E9F5 /* Sources */ = {
			isa = PBXSourcesBuildPhase;
			buildActionMask = 2147483647;
			files = (
			);
			runOnlyForDeploymentPostprocessing = 0;
		};
		79ABCC952E11AACC00A85D71 /* Sources */ = {
			isa = PBXSourcesBuildPhase;
			buildActionMask = 2147483647;
			files = (
			);
			runOnlyForDeploymentPostprocessing = 0;
		};
/* End PBXSourcesBuildPhase section */

/* Begin PBXTargetDependency section */
		79ABCCA82E11AACD00A85D71 /* PBXTargetDependency */ = {
			isa = PBXTargetDependency;
			target = 79ABCC982E11AACC00A85D71 /* StopWidgetExtension */;
			targetProxy = 79ABCCA72E11AACD00A85D71 /* PBXContainerItemProxy */;
		};
/* End PBXTargetDependency section */

/* Begin XCBuildConfiguration section */
		799D2A702D98ABF90066E9F5 /* Debug */ = {
			isa = XCBuildConfiguration;
			buildSettings = {
				ALWAYS_SEARCH_USER_PATHS = NO;
				ASSETCATALOG_COMPILER_GENERATE_SWIFT_ASSET_SYMBOL_EXTENSIONS = YES;
				CLANG_ANALYZER_LOCALIZABILITY_NONLOCALIZED = YES;
				CLANG_ANALYZER_NONNULL = YES;
				CLANG_ANALYZER_NUMBER_OBJECT_CONVERSION = YES_AGGRESSIVE;
				CLANG_CXX_LANGUAGE_STANDARD = "gnu++20";
				CLANG_ENABLE_MODULES = YES;
				CLANG_ENABLE_OBJC_ARC = YES;
				CLANG_ENABLE_OBJC_WEAK = YES;
				CLANG_WARN_BLOCK_CAPTURE_AUTORELEASING = YES;
				CLANG_WARN_BOOL_CONVERSION = YES;
				CLANG_WARN_COMMA = YES;
				CLANG_WARN_CONSTANT_CONVERSION = YES;
				CLANG_WARN_DEPRECATED_OBJC_IMPLEMENTATIONS = YES;
				CLANG_WARN_DIRECT_OBJC_ISA_USAGE = YES_ERROR;
				CLANG_WARN_DOCUMENTATION_COMMENTS = YES;
				CLANG_WARN_EMPTY_BODY = YES;
				CLANG_WARN_ENUM_CONVERSION = YES;
				CLANG_WARN_INFINITE_RECURSION = YES;
				CLANG_WARN_INT_CONVERSION = YES;
				CLANG_WARN_NON_LITERAL_NULL_CONVERSION = YES;
				CLANG_WARN_OBJC_IMPLICIT_RETAIN_SELF = YES;
				CLANG_WARN_OBJC_LITERAL_CONVERSION = YES;
				CLANG_WARN_OBJC_ROOT_CLASS = YES_ERROR;
				CLANG_WARN_QUOTED_INCLUDE_IN_FRAMEWORK_HEADER = YES;
				CLANG_WARN_RANGE_LOOP_ANALYSIS = YES;
				CLANG_WARN_STRICT_PROTOTYPES = YES;
				CLANG_WARN_SUSPICIOUS_MOVE = YES;
				CLANG_WARN_UNGUARDED_AVAILABILITY = YES_AGGRESSIVE;
				CLANG_WARN_UNREACHABLE_CODE = YES;
				CLANG_WARN__DUPLICATE_METHOD_MATCH = YES;
				COPY_PHASE_STRIP = NO;
				DEBUG_INFORMATION_FORMAT = dwarf;
				DEVELOPMENT_TEAM = 7G89J82G2A;
				ENABLE_STRICT_OBJC_MSGSEND = YES;
				ENABLE_TESTABILITY = YES;
				ENABLE_USER_SCRIPT_SANDBOXING = YES;
				GCC_C_LANGUAGE_STANDARD = gnu17;
				GCC_DYNAMIC_NO_PIC = NO;
				GCC_NO_COMMON_BLOCKS = YES;
				GCC_OPTIMIZATION_LEVEL = 0;
				GCC_PREPROCESSOR_DEFINITIONS = (
					"DEBUG=1",
					"$(inherited)",
				);
				GCC_WARN_64_TO_32_BIT_CONVERSION = YES;
				GCC_WARN_ABOUT_RETURN_TYPE = YES_ERROR;
				GCC_WARN_UNDECLARED_SELECTOR = YES;
				GCC_WARN_UNINITIALIZED_AUTOS = YES_AGGRESSIVE;
				GCC_WARN_UNUSED_FUNCTION = YES;
				GCC_WARN_UNUSED_VARIABLE = YES;
				IPHONEOS_DEPLOYMENT_TARGET = 18.4;
				LOCALIZATION_PREFERS_STRING_CATALOGS = YES;
				MTL_ENABLE_DEBUG_INFO = INCLUDE_SOURCE;
				MTL_FAST_MATH = YES;
				ONLY_ACTIVE_ARCH = YES;
				SDKROOT = iphoneos;
				STRING_CATALOG_GENERATE_SYMBOLS = YES;
				SWIFT_ACTIVE_COMPILATION_CONDITIONS = "DEBUG $(inherited)";
				SWIFT_EMIT_LOC_STRINGS = YES;
				SWIFT_OPTIMIZATION_LEVEL = "-Onone";
			};
			name = Debug;
		};
		799D2A712D98ABF90066E9F5 /* Release */ = {
			isa = XCBuildConfiguration;
			buildSettings = {
				ALWAYS_SEARCH_USER_PATHS = NO;
				ASSETCATALOG_COMPILER_GENERATE_SWIFT_ASSET_SYMBOL_EXTENSIONS = YES;
				CLANG_ANALYZER_LOCALIZABILITY_NONLOCALIZED = YES;
				CLANG_ANALYZER_NONNULL = YES;
				CLANG_ANALYZER_NUMBER_OBJECT_CONVERSION = YES_AGGRESSIVE;
				CLANG_CXX_LANGUAGE_STANDARD = "gnu++20";
				CLANG_ENABLE_MODULES = YES;
				CLANG_ENABLE_OBJC_ARC = YES;
				CLANG_ENABLE_OBJC_WEAK = YES;
				CLANG_WARN_BLOCK_CAPTURE_AUTORELEASING = YES;
				CLANG_WARN_BOOL_CONVERSION = YES;
				CLANG_WARN_COMMA = YES;
				CLANG_WARN_CONSTANT_CONVERSION = YES;
				CLANG_WARN_DEPRECATED_OBJC_IMPLEMENTATIONS = YES;
				CLANG_WARN_DIRECT_OBJC_ISA_USAGE = YES_ERROR;
				CLANG_WARN_DOCUMENTATION_COMMENTS = YES;
				CLANG_WARN_EMPTY_BODY = YES;
				CLANG_WARN_ENUM_CONVERSION = YES;
				CLANG_WARN_INFINITE_RECURSION = YES;
				CLANG_WARN_INT_CONVERSION = YES;
				CLANG_WARN_NON_LITERAL_NULL_CONVERSION = YES;
				CLANG_WARN_OBJC_IMPLICIT_RETAIN_SELF = YES;
				CLANG_WARN_OBJC_LITERAL_CONVERSION = YES;
				CLANG_WARN_OBJC_ROOT_CLASS = YES_ERROR;
				CLANG_WARN_QUOTED_INCLUDE_IN_FRAMEWORK_HEADER = YES;
				CLANG_WARN_RANGE_LOOP_ANALYSIS = YES;
				CLANG_WARN_STRICT_PROTOTYPES = YES;
				CLANG_WARN_SUSPICIOUS_MOVE = YES;
				CLANG_WARN_UNGUARDED_AVAILABILITY = YES_AGGRESSIVE;
				CLANG_WARN_UNREACHABLE_CODE = YES;
				CLANG_WARN__DUPLICATE_METHOD_MATCH = YES;
				COPY_PHASE_STRIP = NO;
				DEBUG_INFORMATION_FORMAT = "dwarf-with-dsym";
				DEVELOPMENT_TEAM = 7G89J82G2A;
				ENABLE_NS_ASSERTIONS = NO;
				ENABLE_STRICT_OBJC_MSGSEND = YES;
				ENABLE_USER_SCRIPT_SANDBOXING = YES;
				GCC_C_LANGUAGE_STANDARD = gnu17;
				GCC_NO_COMMON_BLOCKS = YES;
				GCC_WARN_64_TO_32_BIT_CONVERSION = YES;
				GCC_WARN_ABOUT_RETURN_TYPE = YES_ERROR;
				GCC_WARN_UNDECLARED_SELECTOR = YES;
				GCC_WARN_UNINITIALIZED_AUTOS = YES_AGGRESSIVE;
				GCC_WARN_UNUSED_FUNCTION = YES;
				GCC_WARN_UNUSED_VARIABLE = YES;
				IPHONEOS_DEPLOYMENT_TARGET = 18.4;
				LOCALIZATION_PREFERS_STRING_CATALOGS = YES;
				MTL_ENABLE_DEBUG_INFO = NO;
				MTL_FAST_MATH = YES;
				SDKROOT = iphoneos;
				STRING_CATALOG_GENERATE_SYMBOLS = YES;
				SWIFT_COMPILATION_MODE = wholemodule;
				SWIFT_EMIT_LOC_STRINGS = YES;
				VALIDATE_PRODUCT = YES;
			};
			name = Release;
		};
		799D2A732D98ABF90066E9F5 /* Debug */ = {
			isa = XCBuildConfiguration;
			buildSettings = {
				ASSETCATALOG_COMPILER_ALTERNATE_APPICON_NAMES = "cgte SBB-Blue SBB-Red tpg unige servette icetea";
				ASSETCATALOG_COMPILER_APPICON_NAME = AppIcon;
				ASSETCATALOG_COMPILER_GLOBAL_ACCENT_COLOR_NAME = AccentColor;
				ASSETCATALOG_COMPILER_INCLUDE_ALL_APPICON_ASSETS = YES;
				CODE_SIGN_ENTITLEMENTS = Lux/Lux.entitlements;
				CODE_SIGN_STYLE = Automatic;
				CURRENT_PROJECT_VERSION = 1;
				DEVELOPMENT_TEAM = 3MJSY877W8;
				ENABLE_PREVIEWS = YES;
				GENERATE_INFOPLIST_FILE = YES;
				INFOPLIST_FILE = Lux/Info.plist;
				INFOPLIST_KEY_CFBundleDisplayName = Lux;
				INFOPLIST_KEY_ITSAppUsesNonExemptEncryption = NO;
				INFOPLIST_KEY_LSApplicationCategoryType = "public.app-category.travel";
				INFOPLIST_KEY_LSSupportsOpeningDocumentsInPlace = YES;
				INFOPLIST_KEY_NSCameraUsageDescription = "Pour ajouter votre SwissPass à LuxPass, Lux a besoin d'accéder à votre caméra";
				INFOPLIST_KEY_NSLocationWhenInUseUsageDescription = "Lux a besoin d'accéder à votre position pour afficher les arrêts à proximité et vous aider à planifier vos trajets.";
				INFOPLIST_KEY_UIApplicationSceneManifest_Generation = YES;
				INFOPLIST_KEY_UIApplicationSupportsIndirectInputEvents = YES;
				INFOPLIST_KEY_UILaunchScreen_Generation = YES;
				INFOPLIST_KEY_UIRequiresFullScreen = YES;
				INFOPLIST_KEY_UISupportedInterfaceOrientations = UIInterfaceOrientationPortrait;
				INFOPLIST_KEY_UISupportedInterfaceOrientations_iPad = "UIInterfaceOrientationPortrait UIInterfaceOrientationPortraitUpsideDown";
				IPHONEOS_DEPLOYMENT_TARGET = 17.0;
				LD_RUNPATH_SEARCH_PATHS = (
					"$(inherited)",
					"@executable_path/Frameworks",
				);
				MARKETING_VERSION = 0.1;
				PRODUCT_BUNDLE_IDENTIFIER = ch.lmetral.Lux;
				PRODUCT_NAME = "$(TARGET_NAME)";
				SWIFT_EMIT_LOC_STRINGS = YES;
				SWIFT_VERSION = 5.0;
				TARGETED_DEVICE_FAMILY = "1,2";
			};
			name = Debug;
		};
		799D2A742D98ABF90066E9F5 /* Release */ = {
			isa = XCBuildConfiguration;
			buildSettings = {
				ASSETCATALOG_COMPILER_ALTERNATE_APPICON_NAMES = "cgte SBB-Blue SBB-Red tpg unige servette icetea";
				ASSETCATALOG_COMPILER_APPICON_NAME = AppIcon;
				ASSETCATALOG_COMPILER_GLOBAL_ACCENT_COLOR_NAME = AccentColor;
				ASSETCATALOG_COMPILER_INCLUDE_ALL_APPICON_ASSETS = YES;
				CODE_SIGN_ENTITLEMENTS = Lux/Lux.entitlements;
				CODE_SIGN_STYLE = Automatic;
				CURRENT_PROJECT_VERSION = 1;
				DEVELOPMENT_TEAM = 3MJSY877W8;
				ENABLE_PREVIEWS = YES;
				GENERATE_INFOPLIST_FILE = YES;
				INFOPLIST_FILE = Lux/Info.plist;
				INFOPLIST_KEY_CFBundleDisplayName = Lux;
				INFOPLIST_KEY_ITSAppUsesNonExemptEncryption = NO;
				INFOPLIST_KEY_LSApplicationCategoryType = "public.app-category.travel";
				INFOPLIST_KEY_LSSupportsOpeningDocumentsInPlace = YES;
				INFOPLIST_KEY_NSCameraUsageDescription = "Pour ajouter votre SwissPass à LuxPass, Lux a besoin d'accéder à votre caméra";
				INFOPLIST_KEY_NSLocationWhenInUseUsageDescription = "Lux a besoin d'accéder à votre position pour afficher les arrêts à proximité et vous aider à planifier vos trajets.";
				INFOPLIST_KEY_UIApplicationSceneManifest_Generation = YES;
				INFOPLIST_KEY_UIApplicationSupportsIndirectInputEvents = YES;
				INFOPLIST_KEY_UILaunchScreen_Generation = YES;
				INFOPLIST_KEY_UIRequiresFullScreen = YES;
				INFOPLIST_KEY_UISupportedInterfaceOrientations = UIInterfaceOrientationPortrait;
				INFOPLIST_KEY_UISupportedInterfaceOrientations_iPad = "UIInterfaceOrientationPortrait UIInterfaceOrientationPortraitUpsideDown";
				IPHONEOS_DEPLOYMENT_TARGET = 17.0;
				LD_RUNPATH_SEARCH_PATHS = (
					"$(inherited)",
					"@executable_path/Frameworks",
				);
				MARKETING_VERSION = 0.1;
				PRODUCT_BUNDLE_IDENTIFIER = ch.lmetral.Lux;
				PRODUCT_NAME = "$(TARGET_NAME)";
				SWIFT_EMIT_LOC_STRINGS = YES;
				SWIFT_VERSION = 5.0;
				TARGETED_DEVICE_FAMILY = "1,2";
			};
			name = Release;
		};
		79ABCCAB2E11AACD00A85D71 /* Debug */ = {
			isa = XCBuildConfiguration;
			buildSettings = {
				ASSETCATALOG_COMPILER_GLOBAL_ACCENT_COLOR_NAME = AccentColor;
				ASSETCATALOG_COMPILER_WIDGET_BACKGROUND_COLOR_NAME = WidgetBackground;
				CODE_SIGN_ENTITLEMENTS = StopWidgetExtension.entitlements;
				CODE_SIGN_STYLE = Automatic;
				CURRENT_PROJECT_VERSION = 1;
				DEVELOPMENT_TEAM = 3MJSY877W8;
				GENERATE_INFOPLIST_FILE = YES;
				INFOPLIST_FILE = StopWidget/Info.plist;
				INFOPLIST_KEY_CFBundleDisplayName = StopWidget;
				INFOPLIST_KEY_NSHumanReadableCopyright = "";
				IPHONEOS_DEPLOYMENT_TARGET = 18.5;
				LD_RUNPATH_SEARCH_PATHS = (
					"$(inherited)",
					"@executable_path/Frameworks",
					"@executable_path/../../Frameworks",
				);
				MARKETING_VERSION = 0.1;
				PRODUCT_BUNDLE_IDENTIFIER = ch.lmetral.Lux.StopWidget;
				PRODUCT_NAME = "$(TARGET_NAME)";
				SKIP_INSTALL = YES;
				SWIFT_EMIT_LOC_STRINGS = YES;
				SWIFT_VERSION = 5.0;
				TARGETED_DEVICE_FAMILY = "1,2";
			};
			name = Debug;
		};
		79ABCCAC2E11AACD00A85D71 /* Release */ = {
			isa = XCBuildConfiguration;
			buildSettings = {
				ASSETCATALOG_COMPILER_GLOBAL_ACCENT_COLOR_NAME = AccentColor;
				ASSETCATALOG_COMPILER_WIDGET_BACKGROUND_COLOR_NAME = WidgetBackground;
				CODE_SIGN_ENTITLEMENTS = StopWidgetExtension.entitlements;
				CODE_SIGN_STYLE = Automatic;
				CURRENT_PROJECT_VERSION = 1;
				DEVELOPMENT_TEAM = 3MJSY877W8;
				GENERATE_INFOPLIST_FILE = YES;
				INFOPLIST_FILE = StopWidget/Info.plist;
				INFOPLIST_KEY_CFBundleDisplayName = StopWidget;
				INFOPLIST_KEY_NSHumanReadableCopyright = "";
				IPHONEOS_DEPLOYMENT_TARGET = 18.5;
				LD_RUNPATH_SEARCH_PATHS = (
					"$(inherited)",
					"@executable_path/Frameworks",
					"@executable_path/../../Frameworks",
				);
				MARKETING_VERSION = 0.1;
				PRODUCT_BUNDLE_IDENTIFIER = ch.lmetral.Lux.StopWidget;
				PRODUCT_NAME = "$(TARGET_NAME)";
				SKIP_INSTALL = YES;
				SWIFT_EMIT_LOC_STRINGS = YES;
				SWIFT_VERSION = 5.0;
				TARGETED_DEVICE_FAMILY = "1,2";
			};
			name = Release;
		};
/* End XCBuildConfiguration section */

/* Begin XCConfigurationList section */
		799D2A622D98ABF80066E9F5 /* Build configuration list for PBXProject "Lux" */ = {
			isa = XCConfigurationList;
			buildConfigurations = (
				799D2A702D98ABF90066E9F5 /* Debug */,
				799D2A712D98ABF90066E9F5 /* Release */,
			);
			defaultConfigurationIsVisible = 0;
			defaultConfigurationName = Release;
		};
		799D2A722D98ABF90066E9F5 /* Build configuration list for PBXNativeTarget "Lux" */ = {
			isa = XCConfigurationList;
			buildConfigurations = (
				799D2A732D98ABF90066E9F5 /* Debug */,
				799D2A742D98ABF90066E9F5 /* Release */,
			);
			defaultConfigurationIsVisible = 0;
			defaultConfigurationName = Release;
		};
		79ABCCAA2E11AACD00A85D71 /* Build configuration list for PBXNativeTarget "StopWidgetExtension" */ = {
			isa = XCConfigurationList;
			buildConfigurations = (
				79ABCCAB2E11AACD00A85D71 /* Debug */,
				79ABCCAC2E11AACD00A85D71 /* Release */,
			);
			defaultConfigurationIsVisible = 0;
			defaultConfigurationName = Release;
		};
/* End XCConfigurationList section */

/* Begin XCRemoteSwiftPackageReference section */
		790749E02DEE45A50010D818 /* XCRemoteSwiftPackageReference "CodeScanner" */ = {
			isa = XCRemoteSwiftPackageReference;
			repositoryURL = "https://github.com/twostraws/CodeScanner";
			requirement = {
				kind = upToNextMajorVersion;
				minimumVersion = 2.5.2;
			};
		};
		790749EA2DEE598E0010D818 /* XCRemoteSwiftPackageReference "GlowGetter" */ = {
			isa = XCRemoteSwiftPackageReference;
			repositoryURL = "https://github.com/Aeastr/GlowGetter";
			requirement = {
				kind = upToNextMajorVersion;
				minimumVersion = 1.1.1;
			};
		};
		791F49AF2DC58AB4006B5565 /* XCRemoteSwiftPackageReference "SymbolPicker" */ = {
			isa = XCRemoteSwiftPackageReference;
			repositoryURL = "https://github.com/xnth97/SymbolPicker";
			requirement = {
				kind = upToNextMajorVersion;
				minimumVersion = 1.6.2;
			};
		};
		796432222DEED1A1004498A7 /* XCRemoteSwiftPackageReference "SwiftUIMessage" */ = {
			isa = XCRemoteSwiftPackageReference;
			repositoryURL = "https://github.com/edonv/SwiftUIMessage";
			requirement = {
				kind = upToNextMajorVersion;
				minimumVersion = 0.0.4;
			};
		};
		796BC9032DEBC6B800D0FC4A /* XCRemoteSwiftPackageReference "MessagePacker" */ = {
			isa = XCRemoteSwiftPackageReference;
			repositoryURL = "https://github.com/hirotakan/MessagePacker";
			requirement = {
				kind = upToNextMajorVersion;
				minimumVersion = 0.4.7;
			};
		};
		79C64D3E2DB930DC00C01B89 /* XCRemoteSwiftPackageReference "Polyline" */ = {
			isa = XCRemoteSwiftPackageReference;
			repositoryURL = "https://github.com/raphaelmor/Polyline";
			requirement = {
				branch = master;
				kind = branch;
			};
		};
		79E806FA2E10CAFF004CA0A0 /* XCRemoteSwiftPackageReference "LuxCom" */ = {
			isa = XCRemoteSwiftPackageReference;
			repositoryURL = "https://github.com/Lux-CH/LuxCom";
			requirement = {
				branch = main;
				kind = branch;
			};
		};
/* End XCRemoteSwiftPackageReference section */

/* Begin XCSwiftPackageProductDependency section */
		790749E12DEE45A50010D818 /* CodeScanner */ = {
			isa = XCSwiftPackageProductDependency;
			package = 790749E02DEE45A50010D818 /* XCRemoteSwiftPackageReference "CodeScanner" */;
			productName = CodeScanner;
		};
		790749EB2DEE598E0010D818 /* GlowGetter */ = {
			isa = XCSwiftPackageProductDependency;
			package = 790749EA2DEE598E0010D818 /* XCRemoteSwiftPackageReference "GlowGetter" */;
			productName = GlowGetter;
		};
		791F49B02DC58AB4006B5565 /* SymbolPicker */ = {
			isa = XCSwiftPackageProductDependency;
			package = 791F49AF2DC58AB4006B5565 /* XCRemoteSwiftPackageReference "SymbolPicker" */;
			productName = SymbolPicker;
		};
		796432232DEED1A1004498A7 /* SwiftUIMessage */ = {
			isa = XCSwiftPackageProductDependency;
			package = 796432222DEED1A1004498A7 /* XCRemoteSwiftPackageReference "SwiftUIMessage" */;
			productName = SwiftUIMessage;
		};
		796BC9042DEBC6B800D0FC4A /* MessagePacker */ = {
			isa = XCSwiftPackageProductDependency;
			package = 796BC9032DEBC6B800D0FC4A /* XCRemoteSwiftPackageReference "MessagePacker" */;
			productName = MessagePacker;
		};
		79A2CC392E0EDCF80071DD44 /* LuxCom */ = {
			isa = XCSwiftPackageProductDependency;
			productName = LuxCom;
		};
		79ABCCB42E11ABB400A85D71 /* LuxCom */ = {
			isa = XCSwiftPackageProductDependency;
			package = 79E806FA2E10CAFF004CA0A0 /* XCRemoteSwiftPackageReference "LuxCom" */;
			productName = LuxCom;
		};
		79C64D3F2DB930DC00C01B89 /* Polyline */ = {
			isa = XCSwiftPackageProductDependency;
			package = 79C64D3E2DB930DC00C01B89 /* XCRemoteSwiftPackageReference "Polyline" */;
			productName = Polyline;
		};
		79E806F52E10CA8E004CA0A0 /* LuxCom */ = {
			isa = XCSwiftPackageProductDependency;
			productName = LuxCom;
		};
		79E806F82E10CAAB004CA0A0 /* LuxCom */ = {
			isa = XCSwiftPackageProductDependency;
			productName = LuxCom;
		};
		79E806FB2E10CAFF004CA0A0 /* LuxCom */ = {
			isa = XCSwiftPackageProductDependency;
			package = 79E806FA2E10CAFF004CA0A0 /* XCRemoteSwiftPackageReference "LuxCom" */;
			productName = LuxCom;
		};
/* End XCSwiftPackageProductDependency section */
	};
	rootObject = 799D2A5F2D98ABF80066E9F5 /* Project object */;
}
