{
  "originHash" : "ff10e1e0d8f1edbd386807c20014e16016fe36cf85db43f2767f7c7190cbc64f",
  "pins" : [
    {
      "identity" : "codescanner",
      "kind" : "remoteSourceControl",
      "location" : "https://github.com/twostraws/CodeScanner",
      "state" : {
        "revision" : "5e886430238944c7200fc9e10dbf2d9550dba865",
        "version" : "2.5.2"
      }
    },
    {
      "identity" : "glowgetter",
      "kind" : "remoteSourceControl",
      "location" : "https://github.com/Aeastr/GlowGetter",
      "state" : {
        "revision" : "78f41fa9f28b07879a70e101bf3fd2010dac61b8",
        "version" : "1.1.2"
      }
    },
    {
      "identity" : "gzipswift",
      "kind" : "remoteSourceControl",
      "location" : "https://github.com/1024jp/GzipSwift",
      "state" : {
        "revision" : "7a7f17761c76a932662ab77028a4329f67d645a4",
        "version" : "5.2.0"
      }
    },
    {
      "identity" : "luxcom",
      "kind" : "remoteSourceControl",
      "location" : "https://github.com/Lux-CH/LuxCom",
      "state" : {
        "branch" : "main",
        "revision" : "0e21f5bc512e5d71805357a1383c46d77cc6c394"
      }
    },
    {
      "identity" : "luxcomhafas",
      "kind" : "remoteSourceControl",
      "location" : "https://github.com/Lux-CH/LuxComHAFAS",
      "state" : {
        "branch" : "main",
        "revision" : "bf44d3209f0822fb8f462ca599a4142837dc2903"
      }
    },
    {
      "identity" : "messagepacker",
      "kind" : "remoteSourceControl",
      "location" : "https://github.com/hirotakan/MessagePacker",
      "state" : {
        "revision" : "4d8346c6bc579347e4df0429493760691c5aeca2",
        "version" : "0.4.7"
      }
    },
    {
      "identity" : "polyline",
      "kind" : "remoteSourceControl",
      "location" : "https://github.com/raphaelmor/Polyline",
      "state" : {
        "branch" : "master",
        "revision" : "353f80378dcd8f17eefe8550090c6b1ae3c9da23"
      }
    },
    {
      "identity" : "swiftyjson",
      "kind" : "remoteSourceControl",
      "location" : "https://github.com/SwiftyJSON/SwiftyJSON",
      "state" : {
        "revision" : "af76cf3ef710b6ca5f8c05f3a31307d44a3c5828",
        "version" : "5.0.2"
      }
    },
    {
      "identity" : "swxmlhash",
      "kind" : "remoteSourceControl",
      "location" : "https://github.com/drmohundro/SWXMLHash",
      "state" : {
        "revision" : "a853604c9e9a83ad9954c7e3d2a565273982471f",
        "version" : "7.0.2"
      }
    },
    {
      "identity" : "symbolpicker",
      "kind" : "remoteSourceControl",
      "location" : "https://github.com/xnth97/SymbolPicker",
      "state" : {
        "revision" : "8bb08c982235b8e601bc500a41e770d7e198759b",
        "version" : "1.6.2"
      }
    },
    {
      "identity" : "tripkit",
      "kind" : "remoteSourceControl",
      "location" : "https://github.com/Lux-CH/tripkit.git",
      "state" : {
        "branch" : "main",
        "revision" : "22f67b4b0b61b2750c42d097609dde261b11265d"
      }
    }
  ],
  "version" : 3
}
